{
  "originHash" : "9b6718de45ad8f7d2e8e0b2e2acbacb7b37160e058506358a546992b56d01166",
  "pins" : [
    {
      "identity" : "tdlibframework",
      "kind" : "remoteSourceControl",
      "location" : "https://github.com/Swiftgram/TDLibFramework",
      "state" : {
        "revision" : "54b7f92ce472703742474ea9d12827f0afadde6c",
        "version" : "1.8.59-cecbf129"
      }
    },
    {
      "identity" : "tdlibkit",
      "kind" : "remoteSourceControl",
      "location" : "https://github.com/Swiftgram/TDLibKit",
      "state" : {
        "branch" : "main",
        "revision" : "724957557e76f0e2347d28d2d634ff8c33d0608f"
      }
    }
  ],
  "version" : 3
}
